
Microsoft Visual Studio Solution File, Format Version 12.00
# Visual Studio Version 16
VisualStudioVersion = 16.0.30611.23
MinimumVisualStudioVersion = 10.0.40219.1
Project("{FAE04EC0-301F-11D3-BF4B-00C04F79EFBC}") = "api", "api\api.csproj", "{D15489E2-B2A8-43E0-A7D9-848EEE2EC6BE}"
EndProject
Project("{FAE04EC0-301F-11D3-BF4B-00C04F79EFBC}") = "database", "database\database.csproj", "{722A2A24-7FFB-4DAA-A1DA-5E7008A6A746}"
EndProject
Project("{FAE04EC0-301F-11D3-BF4B-00C04F79EFBC}") = "domain", "domain\domain.csproj", "{87CE48B0-87CE-444A-B3EE-C293F3A7D0AB}"
EndProject
Project("{FAE04EC0-301F-11D3-BF4B-00C04F79EFBC}") = "infraestructure", "infraestructure\infraestructure.csproj", "{8E3CF9FC-9660-468B-935F-D972001D1792}"
EndProject
Project("{FAE04EC0-301F-11D3-BF4B-00C04F79EFBC}") = "helper", "helper\helper.csproj", "{7ED42780-FC8A-4ECA-8387-4F5CAC2C5C10}"
EndProject
Global
	GlobalSection(SolutionConfigurationPlatforms) = preSolution
		Debug|Any CPU = Debug|Any CPU
		Release|Any CPU = Release|Any CPU
	EndGlobalSection
	GlobalSection(ProjectConfigurationPlatforms) = postSolution
		{D15489E2-B2A8-43E0-A7D9-848EEE2EC6BE}.Debug|Any CPU.ActiveCfg = Debug|Any CPU
		{D15489E2-B2A8-43E0-A7D9-848EEE2EC6BE}.Debug|Any CPU.Build.0 = Debug|Any CPU
		{D15489E2-B2A8-43E0-A7D9-848EEE2EC6BE}.Release|Any CPU.ActiveCfg = Release|Any CPU
		{D15489E2-B2A8-43E0-A7D9-848EEE2EC6BE}.Release|Any CPU.Build.0 = Release|Any CPU
		{722A2A24-7FFB-4DAA-A1DA-5E7008A6A746}.Debug|Any CPU.ActiveCfg = Debug|Any CPU
		{722A2A24-7FFB-4DAA-A1DA-5E7008A6A746}.Debug|Any CPU.Build.0 = Debug|Any CPU
		{722A2A24-7FFB-4DAA-A1DA-5E7008A6A746}.Release|Any CPU.ActiveCfg = Release|Any CPU
		{722A2A24-7FFB-4DAA-A1DA-5E7008A6A746}.Release|Any CPU.Build.0 = Release|Any CPU
		{87CE48B0-87CE-444A-B3EE-C293F3A7D0AB}.Debug|Any CPU.ActiveCfg = Debug|Any CPU
		{87CE48B0-87CE-444A-B3EE-C293F3A7D0AB}.Debug|Any CPU.Build.0 = Debug|Any CPU
		{87CE48B0-87CE-444A-B3EE-C293F3A7D0AB}.Release|Any CPU.ActiveCfg = Release|Any CPU
		{87CE48B0-87CE-444A-B3EE-C293F3A7D0AB}.Release|Any CPU.Build.0 = Release|Any CPU
		{8E3CF9FC-9660-468B-935F-D972001D1792}.Debug|Any CPU.ActiveCfg = Debug|Any CPU
		{8E3CF9FC-9660-468B-935F-D972001D1792}.Debug|Any CPU.Build.0 = Debug|Any CPU
		{8E3CF9FC-9660-468B-935F-D972001D1792}.Release|Any CPU.ActiveCfg = Release|Any CPU
		{8E3CF9FC-9660-468B-935F-D972001D1792}.Release|Any CPU.Build.0 = Release|Any CPU
		{7ED42780-FC8A-4ECA-8387-4F5CAC2C5C10}.Debug|Any CPU.ActiveCfg = Debug|Any CPU
		{7ED42780-FC8A-4ECA-8387-4F5CAC2C5C10}.Debug|Any CPU.Build.0 = Debug|Any CPU
		{7ED42780-FC8A-4ECA-8387-4F5CAC2C5C10}.Release|Any CPU.ActiveCfg = Release|Any CPU
		{7ED42780-FC8A-4ECA-8387-4F5CAC2C5C10}.Release|Any CPU.Build.0 = Release|Any CPU
	EndGlobalSection
	GlobalSection(SolutionProperties) = preSolution
		HideSolutionNode = FALSE
	EndGlobalSection
	GlobalSection(ExtensibilityGlobals) = postSolution
		SolutionGuid = {165086D0-84FE-4816-8CEE-B950B8ED8ED4}
	EndGlobalSection
EndGlobal
